
Microsoft Visual Studio Solution File, Format Version 12.00
# Visual Studio Version 17
VisualStudioVersion = 17.9.34607.119
MinimumVisualStudioVersion = 10.0.40219.1
Project("{FAE04EC0-301F-11D3-BF4B-00C04F79EFBC}") = "C#_HW_modul_09_part_01_ua", "C#_HW_modul_09_part_01_ua\C#_HW_modul_09_part_01_ua.csproj", "{056903CE-B7C4-45DC-BA94-1A25AB9530F1}"
EndProject
Global
	GlobalSection(SolutionConfigurationPlatforms) = preSolution
		Debug|Any CPU = Debug|Any CPU
		Release|Any CPU = Release|Any CPU
	EndGlobalSection
	GlobalSection(ProjectConfigurationPlatforms) = postSolution
		{056903CE-B7C4-45DC-BA94-1A25AB9530F1}.Debug|Any CPU.ActiveCfg = Debug|Any CPU
		{056903CE-B7C4-45DC-BA94-1A25AB9530F1}.Debug|Any CPU.Build.0 = Debug|Any CPU
		{056903CE-B7C4-45DC-BA94-1A25AB9530F1}.Release|Any CPU.ActiveCfg = Release|Any CPU
		{056903CE-B7C4-45DC-BA94-1A25AB9530F1}.Release|Any CPU.Build.0 = Release|Any CPU
	EndGlobalSection
	GlobalSection(SolutionProperties) = preSolution
		HideSolutionNode = FALSE
	EndGlobalSection
	GlobalSection(ExtensibilityGlobals) = postSolution
		SolutionGuid = {879648CE-8012-4531-8582-23533493C609}
	EndGlobalSection
EndGlobal
